
Microsoft Visual Studio Solution File, Format Version 12.00
# Visual Studio Version 17
VisualStudioVersion = 17.13.35828.75 d17.13
MinimumVisualStudioVersion = 10.0.40219.1
Project("{FAE04EC0-301F-11D3-BF4B-00C04F79EFBC}") = "Захарова 1-5", "Захарова 1-5\Захарова 1-5.csproj", "{411A9CE1-24BB-4337-B974-198F81EE01AA}"
EndProject
Global
	GlobalSection(SolutionConfigurationPlatforms) = preSolution
		Debug|Any CPU = Debug|Any CPU
		Release|Any CPU = Release|Any CPU
	EndGlobalSection
	GlobalSection(ProjectConfigurationPlatforms) = postSolution
		{411A9CE1-24BB-4337-B974-198F81EE01AA}.Debug|Any CPU.ActiveCfg = Debug|Any CPU
		{411A9CE1-24BB-4337-B974-198F81EE01AA}.Debug|Any CPU.Build.0 = Debug|Any CPU
		{411A9CE1-24BB-4337-B974-198F81EE01AA}.Release|Any CPU.ActiveCfg = Release|Any CPU
		{411A9CE1-24BB-4337-B974-198F81EE01AA}.Release|Any CPU.Build.0 = Release|Any CPU
	EndGlobalSection
	GlobalSection(SolutionProperties) = preSolution
		HideSolutionNode = FALSE
	EndGlobalSection
	GlobalSection(ExtensibilityGlobals) = postSolution
		SolutionGuid = {9C0A3A99-5C60-4C08-98C0-9E14A91B0ACA}
	EndGlobalSection
EndGlobal
