
Microsoft Visual Studio Solution File, Format Version 12.00
# Visual Studio Version 17
VisualStudioVersion = 17.13.35828.75 d17.13
MinimumVisualStudioVersion = 10.0.40219.1
Project("{FAE04EC0-301F-11D3-BF4B-00C04F79EFBC}") = "кдз4(доп)", "кдз4(доп)\кдз4(доп).csproj", "{974224E9-26C4-48DD-9CCE-82E2CEFBB8E1}"
EndProject
Global
	GlobalSection(SolutionConfigurationPlatforms) = preSolution
		Debug|Any CPU = Debug|Any CPU
		Release|Any CPU = Release|Any CPU
	EndGlobalSection
	GlobalSection(ProjectConfigurationPlatforms) = postSolution
		{974224E9-26C4-48DD-9CCE-82E2CEFBB8E1}.Debug|Any CPU.ActiveCfg = Debug|Any CPU
		{974224E9-26C4-48DD-9CCE-82E2CEFBB8E1}.Debug|Any CPU.Build.0 = Debug|Any CPU
		{974224E9-26C4-48DD-9CCE-82E2CEFBB8E1}.Release|Any CPU.ActiveCfg = Release|Any CPU
		{974224E9-26C4-48DD-9CCE-82E2CEFBB8E1}.Release|Any CPU.Build.0 = Release|Any CPU
	EndGlobalSection
	GlobalSection(SolutionProperties) = preSolution
		HideSolutionNode = FALSE
	EndGlobalSection
	GlobalSection(ExtensibilityGlobals) = postSolution
		SolutionGuid = {EFEFBB33-9A03-4A0C-B261-DC378D668247}
	EndGlobalSection
EndGlobal
